// !$*UTF8*$!
{
	archiveVersion = 1;
	classes = {
	};
	objectVersion = 56;
	objects = {

/* Begin PBXBuildFile section */
		4402B64E2C12891D00761AC5 /* FilteringServiceTests.swift in Sources */ = {isa = PBXBuildFile; fileRef = 4402B64D2C12891D00761AC5 /* FilteringServiceTests.swift */; };
		4402B6502C128BBC00761AC5 /* SimpleHandler.swift in Sources */ = {isa = PBXBuildFile; fileRef = 4402B64F2C128BBC00761AC5 /* SimpleHandler.swift */; };
		4402B6532C128F0100761AC5 /* LogView.swift in Sources */ = {isa = PBXBuildFile; fileRef = 4402B6522C128F0100761AC5 /* LogView.swift */; };
		4402B6552C12901500761AC5 /* BasicConfigurationService.swift in Sources */ = {isa = PBXBuildFile; fileRef = 4402B6542C12901500761AC5 /* BasicConfigurationService.swift */; };
		4402B6572C12A87400761AC5 /* NIOHTTP1 in Frameworks */ = {isa = PBXBuildFile; productRef = 4402B6562C12A87400761AC5 /* NIOHTTP1 */; };
		4402B6592C12AB1700761AC5 /* SimpleHandlerTests.swift in Sources */ = {isa = PBXBuildFile; fileRef = 4402B6582C12AB1700761AC5 /* SimpleHandlerTests.swift */; };
		445A3C632C12647D008E68AE /* JoeProxyApp.swift in Sources */ = {isa = PBXBuildFile; fileRef = 445A3C622C12647D008E68AE /* JoeProxyApp.swift */; };
		445A3C652C12647D008E68AE /* ContentView.swift in Sources */ = {isa = PBXBuildFile; fileRef = 445A3C642C12647D008E68AE /* ContentView.swift */; };
		445A3C672C12647F008E68AE /* Assets.xcassets in Resources */ = {isa = PBXBuildFile; fileRef = 445A3C662C12647F008E68AE /* Assets.xcassets */; };
		445A3C6A2C12647F008E68AE /* Preview Assets.xcassets in Resources */ = {isa = PBXBuildFile; fileRef = 445A3C692C12647F008E68AE /* Preview Assets.xcassets */; };
		445A3C752C12647F008E68AE /* JoeProxyTests.swift in Sources */ = {isa = PBXBuildFile; fileRef = 445A3C742C12647F008E68AE /* JoeProxyTests.swift */; };
		445A3C7F2C12647F008E68AE /* JoeProxyUITests.swift in Sources */ = {isa = PBXBuildFile; fileRef = 445A3C7E2C12647F008E68AE /* JoeProxyUITests.swift */; };
		445A3C812C12647F008E68AE /* JoeProxyUITestsLaunchTests.swift in Sources */ = {isa = PBXBuildFile; fileRef = 445A3C802C12647F008E68AE /* JoeProxyUITestsLaunchTests.swift */; };
		445A3C8E2C126616008E68AE /* ConfigurationService.swift in Sources */ = {isa = PBXBuildFile; fileRef = 445A3C8D2C126616008E68AE /* ConfigurationService.swift */; };
		445A3C902C126646008E68AE /* LoggingService.swift in Sources */ = {isa = PBXBuildFile; fileRef = 445A3C8F2C126646008E68AE /* LoggingService.swift */; };
		445A3C922C126737008E68AE /* LogginServiceTests.swift in Sources */ = {isa = PBXBuildFile; fileRef = 445A3C912C126737008E68AE /* LogginServiceTests.swift */; };
		445A3C942C126C3D008E68AE /* NetworkingService.swift in Sources */ = {isa = PBXBuildFile; fileRef = 445A3C932C126C3D008E68AE /* NetworkingService.swift */; };
		445A3C9B2C126DB9008E68AE /* NIO in Frameworks */ = {isa = PBXBuildFile; productRef = 445A3C9A2C126DB9008E68AE /* NIO */; };
		445A3C9E2C126DF9008E68AE /* NIOSSL in Frameworks */ = {isa = PBXBuildFile; productRef = 445A3C9D2C126DF9008E68AE /* NIOSSL */; };
		445A3CA02C126E36008E68AE /* NetworkServiceTests.swift in Sources */ = {isa = PBXBuildFile; fileRef = 445A3C9F2C126E36008E68AE /* NetworkServiceTests.swift */; };
		445A3CA22C1273E0008E68AE /* DefaultNetworkServiceTests.swift in Sources */ = {isa = PBXBuildFile; fileRef = 445A3CA12C1273E0008E68AE /* DefaultNetworkServiceTests.swift */; };
		445A3CA42C127BCB008E68AE /* FilteringCriteria.swift in Sources */ = {isa = PBXBuildFile; fileRef = 445A3CA32C127BCB008E68AE /* FilteringCriteria.swift */; };
		445A3CA62C127BE5008E68AE /* FilteringService.swift in Sources */ = {isa = PBXBuildFile; fileRef = 445A3CA52C127BE5008E68AE /* FilteringService.swift */; };
		4473558E2C13E01700B6C5A7 /* MockDefaultNetworkingService.swift in Sources */ = {isa = PBXBuildFile; fileRef = 4473558D2C13E01700B6C5A7 /* MockDefaultNetworkingService.swift */; };
		447355902C14E76000B6C5A7 /* InspectorView.swift in Sources */ = {isa = PBXBuildFile; fileRef = 4473558F2C14E76000B6C5A7 /* InspectorView.swift */; };
		447355922C14ED1700B6C5A7 /* NetworkInfoView.swift in Sources */ = {isa = PBXBuildFile; fileRef = 447355912C14ED1700B6C5A7 /* NetworkInfoView.swift */; };
		447355942C14EE7100B6C5A7 /* NetworkingServiceViewModel.swift in Sources */ = {isa = PBXBuildFile; fileRef = 447355932C14EE7100B6C5A7 /* NetworkingServiceViewModel.swift */; };
		447355962C14FE3300B6C5A7 /* LogEntry.swift in Sources */ = {isa = PBXBuildFile; fileRef = 447355952C14FE3300B6C5A7 /* LogEntry.swift */; };
		447355982C14FE5F00B6C5A7 /* LogViewModel.swift in Sources */ = {isa = PBXBuildFile; fileRef = 447355972C14FE5F00B6C5A7 /* LogViewModel.swift */; };
		44AA3C712C13C72C00A8F465 /* SSLHandler.swift in Sources */ = {isa = PBXBuildFile; fileRef = 44AA3C702C13C72B00A8F465 /* SSLHandler.swift */; };
		44DFAE632C153A96006CCE5C /* MockingLogService.swift in Sources */ = {isa = PBXBuildFile; fileRef = 44DFAE622C153A96006CCE5C /* MockingLogService.swift */; };
		44DFAE652C155B85006CCE5C /* LogTableViewController.swift in Sources */ = {isa = PBXBuildFile; fileRef = 44DFAE642C155B85006CCE5C /* LogTableViewController.swift */; };
		44DFAE672C1561D4006CCE5C /* LogViewModel+LoadLogs.swift in Sources */ = {isa = PBXBuildFile; fileRef = 44DFAE662C1561D4006CCE5C /* LogViewModel+LoadLogs.swift */; };
		44DFAE692C1563A6006CCE5C /* LogViewModel+Setup.swift in Sources */ = {isa = PBXBuildFile; fileRef = 44DFAE682C1563A6006CCE5C /* LogViewModel+Setup.swift */; };
		44EDF1F42C130DDC007D7C35 /* OpenSSLInstaller.swift in Sources */ = {isa = PBXBuildFile; fileRef = 44EDF1F32C130DDC007D7C35 /* OpenSSLInstaller.swift */; };
		44EDF1F62C130E10007D7C35 /* OpenSSLInstallerTests.swift in Sources */ = {isa = PBXBuildFile; fileRef = 44EDF1F52C130E10007D7C35 /* OpenSSLInstallerTests.swift */; };
		44EDF1F82C131344007D7C35 /* MockOpenSSLInstaller.swift in Sources */ = {isa = PBXBuildFile; fileRef = 44EDF1F72C131344007D7C35 /* MockOpenSSLInstaller.swift */; };
		44EDF1FA2C131360007D7C35 /* MockCertificateService.swift in Sources */ = {isa = PBXBuildFile; fileRef = 44EDF1F92C131360007D7C35 /* MockCertificateService.swift */; };
		44EDF1FC2C131780007D7C35 /* MockOpenSSLInstaller.swift in Sources */ = {isa = PBXBuildFile; fileRef = 44EDF1FB2C131780007D7C35 /* MockOpenSSLInstaller.swift */; };
		44EDF2022C131948007D7C35 /* entitlements.md in Resources */ = {isa = PBXBuildFile; fileRef = 44EDF2012C131948007D7C35 /* entitlements.md */; };
		44F0A2782C12B8B400FC8160 /* CertificateService.swift in Sources */ = {isa = PBXBuildFile; fileRef = 44F0A2772C12B8B400FC8160 /* CertificateService.swift */; };
		44F0A27A2C13047A00FC8160 /* CertificateServiceTests.swift in Sources */ = {isa = PBXBuildFile; fileRef = 44F0A2792C13047A00FC8160 /* CertificateServiceTests.swift */; };
/* End PBXBuildFile section */

/* Begin PBXContainerItemProxy section */
		445A3C712C12647F008E68AE /* PBXContainerItemProxy */ = {
			isa = PBXContainerItemProxy;
			containerPortal = 445A3C572C12647D008E68AE /* Project object */;
			proxyType = 1;
			remoteGlobalIDString = 445A3C5E2C12647D008E68AE;
			remoteInfo = JoeProxy;
		};
		445A3C7B2C12647F008E68AE /* PBXContainerItemProxy */ = {
			isa = PBXContainerItemProxy;
			containerPortal = 445A3C572C12647D008E68AE /* Project object */;
			proxyType = 1;
			remoteGlobalIDString = 445A3C5E2C12647D008E68AE;
			remoteInfo = JoeProxy;
		};
/* End PBXContainerItemProxy section */

/* Begin PBXFileReference section */
		4402B64D2C12891D00761AC5 /* FilteringServiceTests.swift */ = {isa = PBXFileReference; lastKnownFileType = sourcecode.swift; path = FilteringServiceTests.swift; sourceTree = "<group>"; };
		4402B64F2C128BBC00761AC5 /* SimpleHandler.swift */ = {isa = PBXFileReference; lastKnownFileType = sourcecode.swift; path = SimpleHandler.swift; sourceTree = "<group>"; };
		4402B6522C128F0100761AC5 /* LogView.swift */ = {isa = PBXFileReference; lastKnownFileType = sourcecode.swift; path = LogView.swift; sourceTree = "<group>"; };
		4402B6542C12901500761AC5 /* BasicConfigurationService.swift */ = {isa = PBXFileReference; lastKnownFileType = sourcecode.swift; path = BasicConfigurationService.swift; sourceTree = "<group>"; };
		4402B6582C12AB1700761AC5 /* SimpleHandlerTests.swift */ = {isa = PBXFileReference; lastKnownFileType = sourcecode.swift; path = SimpleHandlerTests.swift; sourceTree = "<group>"; };
		445A3C5F2C12647D008E68AE /* JoeProxy.app */ = {isa = PBXFileReference; explicitFileType = wrapper.application; includeInIndex = 0; path = JoeProxy.app; sourceTree = BUILT_PRODUCTS_DIR; };
		445A3C622C12647D008E68AE /* JoeProxyApp.swift */ = {isa = PBXFileReference; lastKnownFileType = sourcecode.swift; path = JoeProxyApp.swift; sourceTree = "<group>"; };
		445A3C642C12647D008E68AE /* ContentView.swift */ = {isa = PBXFileReference; lastKnownFileType = sourcecode.swift; path = ContentView.swift; sourceTree = "<group>"; };
		445A3C662C12647F008E68AE /* Assets.xcassets */ = {isa = PBXFileReference; lastKnownFileType = folder.assetcatalog; path = Assets.xcassets; sourceTree = "<group>"; };
		445A3C692C12647F008E68AE /* Preview Assets.xcassets */ = {isa = PBXFileReference; lastKnownFileType = folder.assetcatalog; path = "Preview Assets.xcassets"; sourceTree = "<group>"; };
		445A3C6B2C12647F008E68AE /* JoeProxy.entitlements */ = {isa = PBXFileReference; lastKnownFileType = text.plist.entitlements; path = JoeProxy.entitlements; sourceTree = "<group>"; };
		445A3C702C12647F008E68AE /* JoeProxyTests.xctest */ = {isa = PBXFileReference; explicitFileType = wrapper.cfbundle; includeInIndex = 0; path = JoeProxyTests.xctest; sourceTree = BUILT_PRODUCTS_DIR; };
		445A3C742C12647F008E68AE /* JoeProxyTests.swift */ = {isa = PBXFileReference; lastKnownFileType = sourcecode.swift; path = JoeProxyTests.swift; sourceTree = "<group>"; };
		445A3C7A2C12647F008E68AE /* JoeProxyUITests.xctest */ = {isa = PBXFileReference; explicitFileType = wrapper.cfbundle; includeInIndex = 0; path = JoeProxyUITests.xctest; sourceTree = BUILT_PRODUCTS_DIR; };
		445A3C7E2C12647F008E68AE /* JoeProxyUITests.swift */ = {isa = PBXFileReference; lastKnownFileType = sourcecode.swift; path = JoeProxyUITests.swift; sourceTree = "<group>"; };
		445A3C802C12647F008E68AE /* JoeProxyUITestsLaunchTests.swift */ = {isa = PBXFileReference; lastKnownFileType = sourcecode.swift; path = JoeProxyUITestsLaunchTests.swift; sourceTree = "<group>"; };
		445A3C8D2C126616008E68AE /* ConfigurationService.swift */ = {isa = PBXFileReference; lastKnownFileType = sourcecode.swift; path = ConfigurationService.swift; sourceTree = "<group>"; };
		445A3C8F2C126646008E68AE /* LoggingService.swift */ = {isa = PBXFileReference; lastKnownFileType = sourcecode.swift; path = LoggingService.swift; sourceTree = "<group>"; };
		445A3C912C126737008E68AE /* LogginServiceTests.swift */ = {isa = PBXFileReference; lastKnownFileType = sourcecode.swift; path = LogginServiceTests.swift; sourceTree = "<group>"; };
		445A3C932C126C3D008E68AE /* NetworkingService.swift */ = {isa = PBXFileReference; lastKnownFileType = sourcecode.swift; path = NetworkingService.swift; sourceTree = "<group>"; };
		445A3C9F2C126E36008E68AE /* NetworkServiceTests.swift */ = {isa = PBXFileReference; lastKnownFileType = sourcecode.swift; path = NetworkServiceTests.swift; sourceTree = "<group>"; };
		445A3CA12C1273E0008E68AE /* DefaultNetworkServiceTests.swift */ = {isa = PBXFileReference; lastKnownFileType = sourcecode.swift; path = DefaultNetworkServiceTests.swift; sourceTree = "<group>"; };
		445A3CA32C127BCB008E68AE /* FilteringCriteria.swift */ = {isa = PBXFileReference; lastKnownFileType = sourcecode.swift; path = FilteringCriteria.swift; sourceTree = "<group>"; };
		445A3CA52C127BE5008E68AE /* FilteringService.swift */ = {isa = PBXFileReference; lastKnownFileType = sourcecode.swift; path = FilteringService.swift; sourceTree = "<group>"; };
		4473558C2C13DD6D00B6C5A7 /* JoeProxy.xctestplan */ = {isa = PBXFileReference; lastKnownFileType = text; path = JoeProxy.xctestplan; sourceTree = "<group>"; };
		4473558D2C13E01700B6C5A7 /* MockDefaultNetworkingService.swift */ = {isa = PBXFileReference; lastKnownFileType = sourcecode.swift; path = MockDefaultNetworkingService.swift; sourceTree = "<group>"; };
		4473558F2C14E76000B6C5A7 /* InspectorView.swift */ = {isa = PBXFileReference; lastKnownFileType = sourcecode.swift; path = InspectorView.swift; sourceTree = "<group>"; };
		447355912C14ED1700B6C5A7 /* NetworkInfoView.swift */ = {isa = PBXFileReference; lastKnownFileType = sourcecode.swift; path = NetworkInfoView.swift; sourceTree = "<group>"; };
		447355932C14EE7100B6C5A7 /* NetworkingServiceViewModel.swift */ = {isa = PBXFileReference; lastKnownFileType = sourcecode.swift; path = NetworkingServiceViewModel.swift; sourceTree = "<group>"; };
		447355952C14FE3300B6C5A7 /* LogEntry.swift */ = {isa = PBXFileReference; lastKnownFileType = sourcecode.swift; path = LogEntry.swift; sourceTree = "<group>"; };
		447355972C14FE5F00B6C5A7 /* LogViewModel.swift */ = {isa = PBXFileReference; lastKnownFileType = sourcecode.swift; path = LogViewModel.swift; sourceTree = "<group>"; };
		44AA3C6F2C13BE6D00A8F465 /* Info.plist */ = {isa = PBXFileReference; lastKnownFileType = text.plist; path = Info.plist; sourceTree = "<group>"; };
		44AA3C702C13C72B00A8F465 /* SSLHandler.swift */ = {isa = PBXFileReference; lastKnownFileType = sourcecode.swift; path = SSLHandler.swift; sourceTree = "<group>"; };
		44BBD33A2C13A8FF0015BE8D /* JoeProxyTests-Bridging-Header.h */ = {isa = PBXFileReference; lastKnownFileType = sourcecode.c.h; path = "JoeProxyTests-Bridging-Header.h"; sourceTree = "<group>"; };
		44DFAE622C153A96006CCE5C /* MockingLogService.swift */ = {isa = PBXFileReference; lastKnownFileType = sourcecode.swift; path = MockingLogService.swift; sourceTree = "<group>"; };
		44DFAE642C155B85006CCE5C /* LogTableViewController.swift */ = {isa = PBXFileReference; lastKnownFileType = sourcecode.swift; path = LogTableViewController.swift; sourceTree = "<group>"; };
		44DFAE662C1561D4006CCE5C /* LogViewModel+LoadLogs.swift */ = {isa = PBXFileReference; lastKnownFileType = sourcecode.swift; path = "LogViewModel+LoadLogs.swift"; sourceTree = "<group>"; };
		44DFAE682C1563A6006CCE5C /* LogViewModel+Setup.swift */ = {isa = PBXFileReference; lastKnownFileType = sourcecode.swift; path = "LogViewModel+Setup.swift"; sourceTree = "<group>"; };
		44EDF1F32C130DDC007D7C35 /* OpenSSLInstaller.swift */ = {isa = PBXFileReference; lastKnownFileType = sourcecode.swift; path = OpenSSLInstaller.swift; sourceTree = "<group>"; };
		44EDF1F52C130E10007D7C35 /* OpenSSLInstallerTests.swift */ = {isa = PBXFileReference; lastKnownFileType = sourcecode.swift; path = OpenSSLInstallerTests.swift; sourceTree = "<group>"; };
		44EDF1F72C131344007D7C35 /* MockOpenSSLInstaller.swift */ = {isa = PBXFileReference; lastKnownFileType = sourcecode.swift; path = MockOpenSSLInstaller.swift; sourceTree = "<group>"; };
		44EDF1F92C131360007D7C35 /* MockCertificateService.swift */ = {isa = PBXFileReference; lastKnownFileType = sourcecode.swift; path = MockCertificateService.swift; sourceTree = "<group>"; };
		44EDF1FB2C131780007D7C35 /* MockOpenSSLInstaller.swift */ = {isa = PBXFileReference; lastKnownFileType = sourcecode.swift; path = MockOpenSSLInstaller.swift; sourceTree = "<group>"; };
		44EDF2012C131948007D7C35 /* entitlements.md */ = {isa = PBXFileReference; lastKnownFileType = net.daringfireball.markdown; path = entitlements.md; sourceTree = "<group>"; };
		44F0A2772C12B8B400FC8160 /* CertificateService.swift */ = {isa = PBXFileReference; lastKnownFileType = sourcecode.swift; path = CertificateService.swift; sourceTree = "<group>"; };
		44F0A2792C13047A00FC8160 /* CertificateServiceTests.swift */ = {isa = PBXFileReference; lastKnownFileType = sourcecode.swift; path = CertificateServiceTests.swift; sourceTree = "<group>"; };
/* End PBXFileReference section */

/* Begin PBXFrameworksBuildPhase section */
		445A3C5C2C12647D008E68AE /* Frameworks */ = {
			isa = PBXFrameworksBuildPhase;
			buildActionMask = 2147483647;
			files = (
				4402B6572C12A87400761AC5 /* NIOHTTP1 in Frameworks */,
				445A3C9E2C126DF9008E68AE /* NIOSSL in Frameworks */,
				445A3C9B2C126DB9008E68AE /* NIO in Frameworks */,
			);
			runOnlyForDeploymentPostprocessing = 0;
		};
		445A3C6D2C12647F008E68AE /* Frameworks */ = {
			isa = PBXFrameworksBuildPhase;
			buildActionMask = 2147483647;
			files = (
			);
			runOnlyForDeploymentPostprocessing = 0;
		};
		445A3C772C12647F008E68AE /* Frameworks */ = {
			isa = PBXFrameworksBuildPhase;
			buildActionMask = 2147483647;
			files = (
			);
			runOnlyForDeploymentPostprocessing = 0;
		};
/* End PBXFrameworksBuildPhase section */

/* Begin PBXGroup section */
		4402B6512C128EF100761AC5 /* UI */ = {
			isa = PBXGroup;
			children = (
				445A3C642C12647D008E68AE /* ContentView.swift */,
				447355932C14EE7100B6C5A7 /* NetworkingServiceViewModel.swift */,
				4402B6522C128F0100761AC5 /* LogView.swift */,
				447355972C14FE5F00B6C5A7 /* LogViewModel.swift */,
				44DFAE682C1563A6006CCE5C /* LogViewModel+Setup.swift */,
				44DFAE662C1561D4006CCE5C /* LogViewModel+LoadLogs.swift */,
				4473558F2C14E76000B6C5A7 /* InspectorView.swift */,
				447355912C14ED1700B6C5A7 /* NetworkInfoView.swift */,
				447355952C14FE3300B6C5A7 /* LogEntry.swift */,
				44DFAE622C153A96006CCE5C /* MockingLogService.swift */,
				44DFAE642C155B85006CCE5C /* LogTableViewController.swift */,
			);
			path = UI;
			sourceTree = "<group>";
		};
		445A3C562C12647D008E68AE = {
			isa = PBXGroup;
			children = (
				4473558C2C13DD6D00B6C5A7 /* JoeProxy.xctestplan */,
				445A3C612C12647D008E68AE /* JoeProxy */,
				445A3C732C12647F008E68AE /* JoeProxyTests */,
				445A3C7D2C12647F008E68AE /* JoeProxyUITests */,
				44EDF2002C131923007D7C35 /* docs */,
				445A3C602C12647D008E68AE /* Products */,
				445A3C962C126D29008E68AE /* Frameworks */,
			);
			sourceTree = "<group>";
		};
		445A3C602C12647D008E68AE /* Products */ = {
			isa = PBXGroup;
			children = (
				445A3C5F2C12647D008E68AE /* JoeProxy.app */,
				445A3C702C12647F008E68AE /* JoeProxyTests.xctest */,
				445A3C7A2C12647F008E68AE /* JoeProxyUITests.xctest */,
			);
			name = Products;
			sourceTree = "<group>";
		};
		445A3C612C12647D008E68AE /* JoeProxy */ = {
			isa = PBXGroup;
			children = (
				44AA3C6F2C13BE6D00A8F465 /* Info.plist */,
				4402B6512C128EF100761AC5 /* UI */,
				445A3C622C12647D008E68AE /* JoeProxyApp.swift */,
				4402B6542C12901500761AC5 /* BasicConfigurationService.swift */,
				44F0A2772C12B8B400FC8160 /* CertificateService.swift */,
				44AA3C702C13C72B00A8F465 /* SSLHandler.swift */,
				44EDF1F32C130DDC007D7C35 /* OpenSSLInstaller.swift */,
				44EDF1F72C131344007D7C35 /* MockOpenSSLInstaller.swift */,
				44EDF1F92C131360007D7C35 /* MockCertificateService.swift */,
				445A3C8D2C126616008E68AE /* ConfigurationService.swift */,
				445A3C8F2C126646008E68AE /* LoggingService.swift */,
				445A3C932C126C3D008E68AE /* NetworkingService.swift */,
				4402B64F2C128BBC00761AC5 /* SimpleHandler.swift */,
				445A3C662C12647F008E68AE /* Assets.xcassets */,
				445A3C6B2C12647F008E68AE /* JoeProxy.entitlements */,
				445A3C682C12647F008E68AE /* Preview Content */,
				445A3CA32C127BCB008E68AE /* FilteringCriteria.swift */,
				445A3CA52C127BE5008E68AE /* FilteringService.swift */,
			);
			path = JoeProxy;
			sourceTree = "<group>";
		};
		445A3C682C12647F008E68AE /* Preview Content */ = {
			isa = PBXGroup;
			children = (
				445A3C692C12647F008E68AE /* Preview Assets.xcassets */,
			);
			path = "Preview Content";
			sourceTree = "<group>";
		};
		445A3C732C12647F008E68AE /* JoeProxyTests */ = {
			isa = PBXGroup;
			children = (
				445A3C742C12647F008E68AE /* JoeProxyTests.swift */,
				445A3C912C126737008E68AE /* LogginServiceTests.swift */,
				445A3C9F2C126E36008E68AE /* NetworkServiceTests.swift */,
				44EDF1F52C130E10007D7C35 /* OpenSSLInstallerTests.swift */,
				445A3CA12C1273E0008E68AE /* DefaultNetworkServiceTests.swift */,
				4473558D2C13E01700B6C5A7 /* MockDefaultNetworkingService.swift */,
				4402B64D2C12891D00761AC5 /* FilteringServiceTests.swift */,
				4402B6582C12AB1700761AC5 /* SimpleHandlerTests.swift */,
				44F0A2792C13047A00FC8160 /* CertificateServiceTests.swift */,
				44BBD33A2C13A8FF0015BE8D /* JoeProxyTests-Bridging-Header.h */,
				44EDF1FB2C131780007D7C35 /* MockOpenSSLInstaller.swift */,
			);
			path = JoeProxyTests;
			sourceTree = "<group>";
		};
		445A3C7D2C12647F008E68AE /* JoeProxyUITests */ = {
			isa = PBXGroup;
			children = (
				445A3C7E2C12647F008E68AE /* JoeProxyUITests.swift */,
				445A3C802C12647F008E68AE /* JoeProxyUITestsLaunchTests.swift */,
			);
			path = JoeProxyUITests;
			sourceTree = "<group>";
		};
		445A3C962C126D29008E68AE /* Frameworks */ = {
			isa = PBXGroup;
			children = (
			);
			name = Frameworks;
			sourceTree = "<group>";
		};
		44EDF2002C131923007D7C35 /* docs */ = {
			isa = PBXGroup;
			children = (
				44EDF2012C131948007D7C35 /* entitlements.md */,
			);
			path = docs;
			sourceTree = "<group>";
		};
/* End PBXGroup section */

/* Begin PBXNativeTarget section */
		445A3C5E2C12647D008E68AE /* JoeProxy */ = {
			isa = PBXNativeTarget;
			buildConfigurationList = 445A3C842C12647F008E68AE /* Build configuration list for PBXNativeTarget "JoeProxy" */;
			buildPhases = (
				445A3C5B2C12647D008E68AE /* Sources */,
				445A3C5C2C12647D008E68AE /* Frameworks */,
				445A3C5D2C12647D008E68AE /* Resources */,
			);
			buildRules = (
			);
			dependencies = (
			);
			name = JoeProxy;
			packageProductDependencies = (
				445A3C9A2C126DB9008E68AE /* NIO */,
				445A3C9D2C126DF9008E68AE /* NIOSSL */,
				4402B6562C12A87400761AC5 /* NIOHTTP1 */,
			);
			productName = JoeProxy;
			productReference = 445A3C5F2C12647D008E68AE /* JoeProxy.app */;
			productType = "com.apple.product-type.application";
		};
		445A3C6F2C12647F008E68AE /* JoeProxyTests */ = {
			isa = PBXNativeTarget;
			buildConfigurationList = 445A3C872C12647F008E68AE /* Build configuration list for PBXNativeTarget "JoeProxyTests" */;
			buildPhases = (
				445A3C6C2C12647F008E68AE /* Sources */,
				445A3C6D2C12647F008E68AE /* Frameworks */,
				445A3C6E2C12647F008E68AE /* Resources */,
			);
			buildRules = (
			);
			dependencies = (
				445A3C722C12647F008E68AE /* PBXTargetDependency */,
			);
			name = JoeProxyTests;
			productName = JoeProxyTests;
			productReference = 445A3C702C12647F008E68AE /* JoeProxyTests.xctest */;
			productType = "com.apple.product-type.bundle.unit-test";
		};
		445A3C792C12647F008E68AE /* JoeProxyUITests */ = {
			isa = PBXNativeTarget;
			buildConfigurationList = 445A3C8A2C12647F008E68AE /* Build configuration list for PBXNativeTarget "JoeProxyUITests" */;
			buildPhases = (
				445A3C762C12647F008E68AE /* Sources */,
				445A3C772C12647F008E68AE /* Frameworks */,
				445A3C782C12647F008E68AE /* Resources */,
			);
			buildRules = (
			);
			dependencies = (
				445A3C7C2C12647F008E68AE /* PBXTargetDependency */,
			);
			name = JoeProxyUITests;
			productName = JoeProxyUITests;
			productReference = 445A3C7A2C12647F008E68AE /* JoeProxyUITests.xctest */;
			productType = "com.apple.product-type.bundle.ui-testing";
		};
/* End PBXNativeTarget section */

/* Begin PBXProject section */
		445A3C572C12647D008E68AE /* Project object */ = {
			isa = PBXProject;
			attributes = {
				BuildIndependentTargetsInParallel = 1;
				LastSwiftUpdateCheck = 1540;
				LastUpgradeCheck = 1540;
				TargetAttributes = {
					445A3C5E2C12647D008E68AE = {
						CreatedOnToolsVersion = 15.4;
					};
					445A3C6F2C12647F008E68AE = {
						CreatedOnToolsVersion = 15.4;
						TestTargetID = 445A3C5E2C12647D008E68AE;
					};
					445A3C792C12647F008E68AE = {
						CreatedOnToolsVersion = 15.4;
						TestTargetID = 445A3C5E2C12647D008E68AE;
					};
				};
			};
			buildConfigurationList = 445A3C5A2C12647D008E68AE /* Build configuration list for PBXProject "JoeProxy" */;
			compatibilityVersion = "Xcode 14.0";
			developmentRegion = en;
			hasScannedForEncodings = 0;
			knownRegions = (
				en,
				Base,
			);
			mainGroup = 445A3C562C12647D008E68AE;
			packageReferences = (
				445A3C992C126D97008E68AE /* XCRemoteSwiftPackageReference "swift-nio" */,
				445A3C9C2C126DDF008E68AE /* XCRemoteSwiftPackageReference "swift-nio-ssl" */,
			);
			productRefGroup = 445A3C602C12647D008E68AE /* Products */;
			projectDirPath = "";
			projectRoot = "";
			targets = (
				445A3C5E2C12647D008E68AE /* JoeProxy */,
				445A3C6F2C12647F008E68AE /* JoeProxyTests */,
				445A3C792C12647F008E68AE /* JoeProxyUITests */,
			);
		};
/* End PBXProject section */

/* Begin PBXResourcesBuildPhase section */
		445A3C5D2C12647D008E68AE /* Resources */ = {
			isa = PBXResourcesBuildPhase;
			buildActionMask = 2147483647;
			files = (
				44EDF2022C131948007D7C35 /* entitlements.md in Resources */,
				445A3C6A2C12647F008E68AE /* Preview Assets.xcassets in Resources */,
				445A3C672C12647F008E68AE /* Assets.xcassets in Resources */,
			);
			runOnlyForDeploymentPostprocessing = 0;
		};
		445A3C6E2C12647F008E68AE /* Resources */ = {
			isa = PBXResourcesBuildPhase;
			buildActionMask = 2147483647;
			files = (
			);
			runOnlyForDeploymentPostprocessing = 0;
		};
		445A3C782C12647F008E68AE /* Resources */ = {
			isa = PBXResourcesBuildPhase;
			buildActionMask = 2147483647;
			files = (
			);
			runOnlyForDeploymentPostprocessing = 0;
		};
/* End PBXResourcesBuildPhase section */

/* Begin PBXSourcesBuildPhase section */
		445A3C5B2C12647D008E68AE /* Sources */ = {
			isa = PBXSourcesBuildPhase;
			buildActionMask = 2147483647;
			files = (
				44DFAE652C155B85006CCE5C /* LogTableViewController.swift in Sources */,
				447355902C14E76000B6C5A7 /* InspectorView.swift in Sources */,
				445A3C942C126C3D008E68AE /* NetworkingService.swift in Sources */,
				445A3C652C12647D008E68AE /* ContentView.swift in Sources */,
				447355962C14FE3300B6C5A7 /* LogEntry.swift in Sources */,
				44DFAE692C1563A6006CCE5C /* LogViewModel+Setup.swift in Sources */,
				445A3C8E2C126616008E68AE /* ConfigurationService.swift in Sources */,
				445A3CA42C127BCB008E68AE /* FilteringCriteria.swift in Sources */,
				445A3CA62C127BE5008E68AE /* FilteringService.swift in Sources */,
				445A3C632C12647D008E68AE /* JoeProxyApp.swift in Sources */,
				44AA3C712C13C72C00A8F465 /* SSLHandler.swift in Sources */,
				44F0A2782C12B8B400FC8160 /* CertificateService.swift in Sources */,
				44EDF1F82C131344007D7C35 /* MockOpenSSLInstaller.swift in Sources */,
				447355982C14FE5F00B6C5A7 /* LogViewModel.swift in Sources */,
				44DFAE672C1561D4006CCE5C /* LogViewModel+LoadLogs.swift in Sources */,
				447355942C14EE7100B6C5A7 /* NetworkingServiceViewModel.swift in Sources */,
				447355922C14ED1700B6C5A7 /* NetworkInfoView.swift in Sources */,
				44EDF1F42C130DDC007D7C35 /* OpenSSLInstaller.swift in Sources */,
				4402B6502C128BBC00761AC5 /* SimpleHandler.swift in Sources */,
				4402B6552C12901500761AC5 /* BasicConfigurationService.swift in Sources */,
				4402B6532C128F0100761AC5 /* LogView.swift in Sources */,
				445A3C902C126646008E68AE /* LoggingService.swift in Sources */,
				44EDF1FA2C131360007D7C35 /* MockCertificateService.swift in Sources */,
				44DFAE632C153A96006CCE5C /* MockingLogService.swift in Sources */,
			);
			runOnlyForDeploymentPostprocessing = 0;
		};
		445A3C6C2C12647F008E68AE /* Sources */ = {
			isa = PBXSourcesBuildPhase;
			buildActionMask = 2147483647;
			files = (
				4402B6592C12AB1700761AC5 /* SimpleHandlerTests.swift in Sources */,
				445A3CA22C1273E0008E68AE /* DefaultNetworkServiceTests.swift in Sources */,
				44F0A27A2C13047A00FC8160 /* CertificateServiceTests.swift in Sources */,
				44EDF1F62C130E10007D7C35 /* OpenSSLInstallerTests.swift in Sources */,
				445A3C752C12647F008E68AE /* JoeProxyTests.swift in Sources */,
				44EDF1FC2C131780007D7C35 /* MockOpenSSLInstaller.swift in Sources */,
				445A3CA02C126E36008E68AE /* NetworkServiceTests.swift in Sources */,
				4473558E2C13E01700B6C5A7 /* MockDefaultNetworkingService.swift in Sources */,
				4402B64E2C12891D00761AC5 /* FilteringServiceTests.swift in Sources */,
				445A3C922C126737008E68AE /* LogginServiceTests.swift in Sources */,
			);
			runOnlyForDeploymentPostprocessing = 0;
		};
		445A3C762C12647F008E68AE /* Sources */ = {
			isa = PBXSourcesBuildPhase;
			buildActionMask = 2147483647;
			files = (
				445A3C812C12647F008E68AE /* JoeProxyUITestsLaunchTests.swift in Sources */,
				445A3C7F2C12647F008E68AE /* JoeProxyUITests.swift in Sources */,
			);
			runOnlyForDeploymentPostprocessing = 0;
		};
/* End PBXSourcesBuildPhase section */

/* Begin PBXTargetDependency section */
		445A3C722C12647F008E68AE /* PBXTargetDependency */ = {
			isa = PBXTargetDependency;
			target = 445A3C5E2C12647D008E68AE /* JoeProxy */;
			targetProxy = 445A3C712C12647F008E68AE /* PBXContainerItemProxy */;
		};
		445A3C7C2C12647F008E68AE /* PBXTargetDependency */ = {
			isa = PBXTargetDependency;
			target = 445A3C5E2C12647D008E68AE /* JoeProxy */;
			targetProxy = 445A3C7B2C12647F008E68AE /* PBXContainerItemProxy */;
		};
/* End PBXTargetDependency section */

/* Begin XCBuildConfiguration section */
		445A3C822C12647F008E68AE /* Debug */ = {
			isa = XCBuildConfiguration;
			buildSettings = {
				ALWAYS_SEARCH_USER_PATHS = NO;
				ASSETCATALOG_COMPILER_GENERATE_SWIFT_ASSET_SYMBOL_EXTENSIONS = YES;
				CLANG_ANALYZER_NONNULL = YES;
				CLANG_ANALYZER_NUMBER_OBJECT_CONVERSION = YES_AGGRESSIVE;
				CLANG_CXX_LANGUAGE_STANDARD = "gnu++20";
				CLANG_ENABLE_MODULES = YES;
				CLANG_ENABLE_OBJC_ARC = YES;
				CLANG_ENABLE_OBJC_WEAK = YES;
				CLANG_WARN_BLOCK_CAPTURE_AUTORELEASING = YES;
				CLANG_WARN_BOOL_CONVERSION = YES;
				CLANG_WARN_COMMA = YES;
				CLANG_WARN_CONSTANT_CONVERSION = YES;
				CLANG_WARN_DEPRECATED_OBJC_IMPLEMENTATIONS = YES;
				CLANG_WARN_DIRECT_OBJC_ISA_USAGE = YES_ERROR;
				CLANG_WARN_DOCUMENTATION_COMMENTS = YES;
				CLANG_WARN_EMPTY_BODY = YES;
				CLANG_WARN_ENUM_CONVERSION = YES;
				CLANG_WARN_INFINITE_RECURSION = YES;
				CLANG_WARN_INT_CONVERSION = YES;
				CLANG_WARN_NON_LITERAL_NULL_CONVERSION = YES;
				CLANG_WARN_OBJC_IMPLICIT_RETAIN_SELF = YES;
				CLANG_WARN_OBJC_LITERAL_CONVERSION = YES;
				CLANG_WARN_OBJC_ROOT_CLASS = YES_ERROR;
				CLANG_WARN_QUOTED_INCLUDE_IN_FRAMEWORK_HEADER = YES;
				CLANG_WARN_RANGE_LOOP_ANALYSIS = YES;
				CLANG_WARN_STRICT_PROTOTYPES = YES;
				CLANG_WARN_SUSPICIOUS_MOVE = YES;
				CLANG_WARN_UNGUARDED_AVAILABILITY = YES_AGGRESSIVE;
				CLANG_WARN_UNREACHABLE_CODE = YES;
				CLANG_WARN__DUPLICATE_METHOD_MATCH = YES;
				COPY_PHASE_STRIP = NO;
				DEBUG_INFORMATION_FORMAT = dwarf;
				ENABLE_STRICT_OBJC_MSGSEND = YES;
				ENABLE_TESTABILITY = YES;
				ENABLE_USER_SCRIPT_SANDBOXING = YES;
				GCC_C_LANGUAGE_STANDARD = gnu17;
				GCC_DYNAMIC_NO_PIC = NO;
				GCC_NO_COMMON_BLOCKS = YES;
				GCC_OPTIMIZATION_LEVEL = 0;
				GCC_PREPROCESSOR_DEFINITIONS = (
					"DEBUG=1",
					"$(inherited)",
				);
				GCC_WARN_64_TO_32_BIT_CONVERSION = YES;
				GCC_WARN_ABOUT_RETURN_TYPE = YES_ERROR;
				GCC_WARN_UNDECLARED_SELECTOR = YES;
				GCC_WARN_UNINITIALIZED_AUTOS = YES_AGGRESSIVE;
				GCC_WARN_UNUSED_FUNCTION = YES;
				GCC_WARN_UNUSED_VARIABLE = YES;
				LOCALIZATION_PREFERS_STRING_CATALOGS = YES;
				MACOSX_DEPLOYMENT_TARGET = 14.5;
				MTL_ENABLE_DEBUG_INFO = INCLUDE_SOURCE;
				MTL_FAST_MATH = YES;
				ONLY_ACTIVE_ARCH = YES;
				SDKROOT = macosx;
				SWIFT_ACTIVE_COMPILATION_CONDITIONS = "DEBUG $(inherited)";
				SWIFT_OPTIMIZATION_LEVEL = "-Onone";
			};
			name = Debug;
		};
		445A3C832C12647F008E68AE /* Release */ = {
			isa = XCBuildConfiguration;
			buildSettings = {
				ALWAYS_SEARCH_USER_PATHS = NO;
				ASSETCATALOG_COMPILER_GENERATE_SWIFT_ASSET_SYMBOL_EXTENSIONS = YES;
				CLANG_ANALYZER_NONNULL = YES;
				CLANG_ANALYZER_NUMBER_OBJECT_CONVERSION = YES_AGGRESSIVE;
				CLANG_CXX_LANGUAGE_STANDARD = "gnu++20";
				CLANG_ENABLE_MODULES = YES;
				CLANG_ENABLE_OBJC_ARC = YES;
				CLANG_ENABLE_OBJC_WEAK = YES;
				CLANG_WARN_BLOCK_CAPTURE_AUTORELEASING = YES;
				CLANG_WARN_BOOL_CONVERSION = YES;
				CLANG_WARN_COMMA = YES;
				CLANG_WARN_CONSTANT_CONVERSION = YES;
				CLANG_WARN_DEPRECATED_OBJC_IMPLEMENTATIONS = YES;
				CLANG_WARN_DIRECT_OBJC_ISA_USAGE = YES_ERROR;
				CLANG_WARN_DOCUMENTATION_COMMENTS = YES;
				CLANG_WARN_EMPTY_BODY = YES;
				CLANG_WARN_ENUM_CONVERSION = YES;
				CLANG_WARN_INFINITE_RECURSION = YES;
				CLANG_WARN_INT_CONVERSION = YES;
				CLANG_WARN_NON_LITERAL_NULL_CONVERSION = YES;
				CLANG_WARN_OBJC_IMPLICIT_RETAIN_SELF = YES;
				CLANG_WARN_OBJC_LITERAL_CONVERSION = YES;
				CLANG_WARN_OBJC_ROOT_CLASS = YES_ERROR;
				CLANG_WARN_QUOTED_INCLUDE_IN_FRAMEWORK_HEADER = YES;
				CLANG_WARN_RANGE_LOOP_ANALYSIS = YES;
				CLANG_WARN_STRICT_PROTOTYPES = YES;
				CLANG_WARN_SUSPICIOUS_MOVE = YES;
				CLANG_WARN_UNGUARDED_AVAILABILITY = YES_AGGRESSIVE;
				CLANG_WARN_UNREACHABLE_CODE = YES;
				CLANG_WARN__DUPLICATE_METHOD_MATCH = YES;
				COPY_PHASE_STRIP = NO;
				DEBUG_INFORMATION_FORMAT = "dwarf-with-dsym";
				ENABLE_NS_ASSERTIONS = NO;
				ENABLE_STRICT_OBJC_MSGSEND = YES;
				ENABLE_USER_SCRIPT_SANDBOXING = YES;
				GCC_C_LANGUAGE_STANDARD = gnu17;
				GCC_NO_COMMON_BLOCKS = YES;
				GCC_WARN_64_TO_32_BIT_CONVERSION = YES;
				GCC_WARN_ABOUT_RETURN_TYPE = YES_ERROR;
				GCC_WARN_UNDECLARED_SELECTOR = YES;
				GCC_WARN_UNINITIALIZED_AUTOS = YES_AGGRESSIVE;
				GCC_WARN_UNUSED_FUNCTION = YES;
				GCC_WARN_UNUSED_VARIABLE = YES;
				LOCALIZATION_PREFERS_STRING_CATALOGS = YES;
				MACOSX_DEPLOYMENT_TARGET = 14.5;
				MTL_ENABLE_DEBUG_INFO = NO;
				MTL_FAST_MATH = YES;
				SDKROOT = macosx;
				SWIFT_COMPILATION_MODE = wholemodule;
			};
			name = Release;
		};
		445A3C852C12647F008E68AE /* Debug */ = {
			isa = XCBuildConfiguration;
			buildSettings = {
				ASSETCATALOG_COMPILER_APPICON_NAME = AppIcon2;
				ASSETCATALOG_COMPILER_GLOBAL_ACCENT_COLOR_NAME = AccentColor;
				ASSETCATALOG_COMPILER_INCLUDE_ALL_APPICON_ASSETS = NO;
				CODE_SIGN_ENTITLEMENTS = JoeProxy/JoeProxy.entitlements;
				CODE_SIGN_STYLE = Automatic;
				COMBINE_HIDPI_IMAGES = YES;
				CURRENT_PROJECT_VERSION = 1;
				DEVELOPMENT_ASSET_PATHS = "\"JoeProxy/Preview Content\"";
				DEVELOPMENT_TEAM = C52PFKSQPU;
				ENABLE_HARDENED_RUNTIME = YES;
				ENABLE_PREVIEWS = YES;
				GENERATE_INFOPLIST_FILE = YES;
				INFOPLIST_FILE = JoeProxy/Info.plist;
				INFOPLIST_KEY_NSHumanReadableCopyright = "";
				LD_RUNPATH_SEARCH_PATHS = (
					"$(inherited)",
					"@executable_path/../Frameworks",
				);
				MARKETING_VERSION = 1.0;
				PRODUCT_BUNDLE_IDENTIFIER = com.ShowBlender.JoeProxy;
				PRODUCT_NAME = "$(TARGET_NAME)";
				SWIFT_EMIT_LOC_STRINGS = YES;
				SWIFT_VERSION = 5.0;
			};
			name = Debug;
		};
		445A3C862C12647F008E68AE /* Release */ = {
			isa = XCBuildConfiguration;
			buildSettings = {
				ASSETCATALOG_COMPILER_APPICON_NAME = AppIcon2;
				ASSETCATALOG_COMPILER_GLOBAL_ACCENT_COLOR_NAME = AccentColor;
				ASSETCATALOG_COMPILER_INCLUDE_ALL_APPICON_ASSETS = NO;
				CODE_SIGN_ENTITLEMENTS = JoeProxy/JoeProxy.entitlements;
				CODE_SIGN_STYLE = Automatic;
				COMBINE_HIDPI_IMAGES = YES;
				CURRENT_PROJECT_VERSION = 1;
				DEVELOPMENT_ASSET_PATHS = "\"JoeProxy/Preview Content\"";
				DEVELOPMENT_TEAM = C52PFKSQPU;
				ENABLE_HARDENED_RUNTIME = YES;
				ENABLE_PREVIEWS = YES;
				GENERATE_INFOPLIST_FILE = YES;
				INFOPLIST_FILE = JoeProxy/Info.plist;
				INFOPLIST_KEY_NSHumanReadableCopyright = "";
				LD_RUNPATH_SEARCH_PATHS = (
					"$(inherited)",
					"@executable_path/../Frameworks",
				);
				MARKETING_VERSION = 1.0;
				PRODUCT_BUNDLE_IDENTIFIER = com.ShowBlender.JoeProxy;
				PRODUCT_NAME = "$(TARGET_NAME)";
				SWIFT_EMIT_LOC_STRINGS = YES;
				SWIFT_VERSION = 5.0;
			};
			name = Release;
		};
		445A3C882C12647F008E68AE /* Debug */ = {
			isa = XCBuildConfiguration;
			buildSettings = {
				ALWAYS_EMBED_SWIFT_STANDARD_LIBRARIES = YES;
				BUNDLE_LOADER = "$(TEST_HOST)";
				CODE_SIGN_STYLE = Automatic;
				CURRENT_PROJECT_VERSION = 1;
				DEVELOPMENT_TEAM = C52PFKSQPU;
				GENERATE_INFOPLIST_FILE = YES;
				MACOSX_DEPLOYMENT_TARGET = 14.5;
				MARKETING_VERSION = 1.0;
				PRODUCT_BUNDLE_IDENTIFIER = com.ShowBlender.JoeProxyTests;
				PRODUCT_NAME = "$(TARGET_NAME)";
				SWIFT_EMIT_LOC_STRINGS = NO;
				SWIFT_VERSION = 5.0;
				TEST_HOST = "$(BUILT_PRODUCTS_DIR)/JoeProxy.app/$(BUNDLE_EXECUTABLE_FOLDER_PATH)/JoeProxy";
			};
			name = Debug;
		};
		445A3C892C12647F008E68AE /* Release */ = {
			isa = XCBuildConfiguration;
			buildSettings = {
				ALWAYS_EMBED_SWIFT_STANDARD_LIBRARIES = YES;
				BUNDLE_LOADER = "$(TEST_HOST)";
				CODE_SIGN_STYLE = Automatic;
				CURRENT_PROJECT_VERSION = 1;
				DEVELOPMENT_TEAM = C52PFKSQPU;
				GENERATE_INFOPLIST_FILE = YES;
				MACOSX_DEPLOYMENT_TARGET = 14.5;
				MARKETING_VERSION = 1.0;
				PRODUCT_BUNDLE_IDENTIFIER = com.ShowBlender.JoeProxyTests;
				PRODUCT_NAME = "$(TARGET_NAME)";
				SWIFT_EMIT_LOC_STRINGS = NO;
				SWIFT_VERSION = 5.0;
				TEST_HOST = "$(BUILT_PRODUCTS_DIR)/JoeProxy.app/$(BUNDLE_EXECUTABLE_FOLDER_PATH)/JoeProxy";
			};
			name = Release;
		};
		445A3C8B2C12647F008E68AE /* Debug */ = {
			isa = XCBuildConfiguration;
			buildSettings = {
				ALWAYS_EMBED_SWIFT_STANDARD_LIBRARIES = YES;
				CODE_SIGN_STYLE = Automatic;
				CURRENT_PROJECT_VERSION = 1;
				DEVELOPMENT_TEAM = C52PFKSQPU;
				GENERATE_INFOPLIST_FILE = YES;
				MARKETING_VERSION = 1.0;
				PRODUCT_BUNDLE_IDENTIFIER = com.ShowBlender.JoeProxyUITests;
				PRODUCT_NAME = "$(TARGET_NAME)";
				SWIFT_EMIT_LOC_STRINGS = NO;
				SWIFT_VERSION = 5.0;
				TEST_TARGET_NAME = JoeProxy;
			};
			name = Debug;
		};
		445A3C8C2C12647F008E68AE /* Release */ = {
			isa = XCBuildConfiguration;
			buildSettings = {
				ALWAYS_EMBED_SWIFT_STANDARD_LIBRARIES = YES;
				CODE_SIGN_STYLE = Automatic;
				CURRENT_PROJECT_VERSION = 1;
				DEVELOPMENT_TEAM = C52PFKSQPU;
				GENERATE_INFOPLIST_FILE = YES;
				MARKETING_VERSION = 1.0;
				PRODUCT_BUNDLE_IDENTIFIER = com.ShowBlender.JoeProxyUITests;
				PRODUCT_NAME = "$(TARGET_NAME)";
				SWIFT_EMIT_LOC_STRINGS = NO;
				SWIFT_VERSION = 5.0;
				TEST_TARGET_NAME = JoeProxy;
			};
			name = Release;
		};
/* End XCBuildConfiguration section */

/* Begin XCConfigurationList section */
		445A3C5A2C12647D008E68AE /* Build configuration list for PBXProject "JoeProxy" */ = {
			isa = XCConfigurationList;
			buildConfigurations = (
				445A3C822C12647F008E68AE /* Debug */,
				445A3C832C12647F008E68AE /* Release */,
			);
			defaultConfigurationIsVisible = 0;
			defaultConfigurationName = Release;
		};
		445A3C842C12647F008E68AE /* Build configuration list for PBXNativeTarget "JoeProxy" */ = {
			isa = XCConfigurationList;
			buildConfigurations = (
				445A3C852C12647F008E68AE /* Debug */,
				445A3C862C12647F008E68AE /* Release */,
			);
			defaultConfigurationIsVisible = 0;
			defaultConfigurationName = Release;
		};
		445A3C872C12647F008E68AE /* Build configuration list for PBXNativeTarget "JoeProxyTests" */ = {
			isa = XCConfigurationList;
			buildConfigurations = (
				445A3C882C12647F008E68AE /* Debug */,
				445A3C892C12647F008E68AE /* Release */,
			);
			defaultConfigurationIsVisible = 0;
			defaultConfigurationName = Release;
		};
		445A3C8A2C12647F008E68AE /* Build configuration list for PBXNativeTarget "JoeProxyUITests" */ = {
			isa = XCConfigurationList;
			buildConfigurations = (
				445A3C8B2C12647F008E68AE /* Debug */,
				445A3C8C2C12647F008E68AE /* Release */,
			);
			defaultConfigurationIsVisible = 0;
			defaultConfigurationName = Release;
		};
/* End XCConfigurationList section */

/* Begin XCRemoteSwiftPackageReference section */
		445A3C992C126D97008E68AE /* XCRemoteSwiftPackageReference "swift-nio" */ = {
			isa = XCRemoteSwiftPackageReference;
			repositoryURL = "https://github.com/apple/swift-nio.git";
			requirement = {
				kind = upToNextMajorVersion;
				minimumVersion = 2.66.0;
			};
		};
		445A3C9C2C126DDF008E68AE /* XCRemoteSwiftPackageReference "swift-nio-ssl" */ = {
			isa = XCRemoteSwiftPackageReference;
			repositoryURL = "https://github.com/apple/swift-nio-ssl";
			requirement = {
				kind = upToNextMajorVersion;
				minimumVersion = 2.27.0;
			};
		};
/* End XCRemoteSwiftPackageReference section */

/* Begin XCSwiftPackageProductDependency section */
		4402B6562C12A87400761AC5 /* NIOHTTP1 */ = {
			isa = XCSwiftPackageProductDependency;
			package = 445A3C992C126D97008E68AE /* XCRemoteSwiftPackageReference "swift-nio" */;
			productName = NIOHTTP1;
		};
		445A3C9A2C126DB9008E68AE /* NIO */ = {
			isa = XCSwiftPackageProductDependency;
			package = 445A3C992C126D97008E68AE /* XCRemoteSwiftPackageReference "swift-nio" */;
			productName = NIO;
		};
		445A3C9D2C126DF9008E68AE /* NIOSSL */ = {
			isa = XCSwiftPackageProductDependency;
			package = 445A3C9C2C126DDF008E68AE /* XCRemoteSwiftPackageReference "swift-nio-ssl" */;
			productName = NIOSSL;
		};
/* End XCSwiftPackageProductDependency section */
	};
	rootObject = 445A3C572C12647D008E68AE /* Project object */;
}
